
Microsoft Visual Studio Solution File, Format Version 12.00
# Visual Studio Version 16
VisualStudioVersion = 16.0.28803.202
MinimumVisualStudioVersion = 10.0.40219.1
Project("{FAE04EC0-301F-11D3-BF4B-00C04F79EFBC}") = "Lesson_6_HomeTask_main", "Lesson_6_HomeTask_main\Lesson_6_HomeTask_main.csproj", "{4D0C51D5-0C65-4556-A3F7-831B9DB01070}"
EndProject
Global
	GlobalSection(SolutionConfigurationPlatforms) = preSolution
		Debug|Any CPU = Debug|Any CPU
		Release|Any CPU = Release|Any CPU
	EndGlobalSection
	GlobalSection(ProjectConfigurationPlatforms) = postSolution
		{4D0C51D5-0C65-4556-A3F7-831B9DB01070}.Debug|Any CPU.ActiveCfg = Debug|Any CPU
		{4D0C51D5-0C65-4556-A3F7-831B9DB01070}.Debug|Any CPU.Build.0 = Debug|Any CPU
		{4D0C51D5-0C65-4556-A3F7-831B9DB01070}.Release|Any CPU.ActiveCfg = Release|Any CPU
		{4D0C51D5-0C65-4556-A3F7-831B9DB01070}.Release|Any CPU.Build.0 = Release|Any CPU
	EndGlobalSection
	GlobalSection(SolutionProperties) = preSolution
		HideSolutionNode = FALSE
	EndGlobalSection
	GlobalSection(ExtensibilityGlobals) = postSolution
		SolutionGuid = {A6D0FBB7-9F8A-459D-9467-338C0CC15B73}
	EndGlobalSection
EndGlobal
