
Microsoft Visual Studio Solution File, Format Version 12.00
# Visual Studio Version 16
VisualStudioVersion = 16.0.29001.49
MinimumVisualStudioVersion = 10.0.40219.1
Project("{FAE04EC0-301F-11D3-BF4B-00C04F79EFBC}") = "AgeUserException", "Lesson_14_HomeTasks\AgeUserException.csproj", "{520B82EC-F185-4AC9-95BE-B403777DF50C}"
EndProject
Project("{FAE04EC0-301F-11D3-BF4B-00C04F79EFBC}") = "InnerTryCatch_part_2", "InnerTryCatch\InnerTryCatch_part_2.csproj", "{DC79DF89-E57C-4946-89C1-215861A677EB}"
EndProject
Project("{FAE04EC0-301F-11D3-BF4B-00C04F79EFBC}") = "InnerTryCatch_part_1", "AgeUserException_part_1\InnerTryCatch_part_1.csproj", "{7D2E75EB-D479-43D9-BAB9-D84E22912D33}"
EndProject
Global
	GlobalSection(SolutionConfigurationPlatforms) = preSolution
		Debug|Any CPU = Debug|Any CPU
		Release|Any CPU = Release|Any CPU
	EndGlobalSection
	GlobalSection(ProjectConfigurationPlatforms) = postSolution
		{520B82EC-F185-4AC9-95BE-B403777DF50C}.Debug|Any CPU.ActiveCfg = Debug|Any CPU
		{520B82EC-F185-4AC9-95BE-B403777DF50C}.Debug|Any CPU.Build.0 = Debug|Any CPU
		{520B82EC-F185-4AC9-95BE-B403777DF50C}.Release|Any CPU.ActiveCfg = Release|Any CPU
		{520B82EC-F185-4AC9-95BE-B403777DF50C}.Release|Any CPU.Build.0 = Release|Any CPU
		{DC79DF89-E57C-4946-89C1-215861A677EB}.Debug|Any CPU.ActiveCfg = Debug|Any CPU
		{DC79DF89-E57C-4946-89C1-215861A677EB}.Debug|Any CPU.Build.0 = Debug|Any CPU
		{DC79DF89-E57C-4946-89C1-215861A677EB}.Release|Any CPU.ActiveCfg = Release|Any CPU
		{DC79DF89-E57C-4946-89C1-215861A677EB}.Release|Any CPU.Build.0 = Release|Any CPU
		{7D2E75EB-D479-43D9-BAB9-D84E22912D33}.Debug|Any CPU.ActiveCfg = Debug|Any CPU
		{7D2E75EB-D479-43D9-BAB9-D84E22912D33}.Debug|Any CPU.Build.0 = Debug|Any CPU
		{7D2E75EB-D479-43D9-BAB9-D84E22912D33}.Release|Any CPU.ActiveCfg = Release|Any CPU
		{7D2E75EB-D479-43D9-BAB9-D84E22912D33}.Release|Any CPU.Build.0 = Release|Any CPU
	EndGlobalSection
	GlobalSection(SolutionProperties) = preSolution
		HideSolutionNode = FALSE
	EndGlobalSection
	GlobalSection(ExtensibilityGlobals) = postSolution
		SolutionGuid = {8C822D52-8738-4657-9787-47554F87DA45}
	EndGlobalSection
EndGlobal
