
Microsoft Visual Studio Solution File, Format Version 12.00
# Visual Studio Version 16
VisualStudioVersion = 16.0.28922.388
MinimumVisualStudioVersion = 10.0.40219.1
Project("{9A19103F-16F7-4668-BE54-9A1E7A4F7556}") = "LibraryNew", "ConsoleApp1\LibraryNew.csproj", "{329AF2BC-2B6C-4AD9-B33E-C591410D47D3}"
EndProject
Project("{FAE04EC0-301F-11D3-BF4B-00C04F79EFBC}") = "LibraryOld", "ConsoleApp2\LibraryOld.csproj", "{8806DCF8-9325-48DF-BFB5-0B3C40D59FF8}"
EndProject
Global
	GlobalSection(SolutionConfigurationPlatforms) = preSolution
		Debug|Any CPU = Debug|Any CPU
		Release|Any CPU = Release|Any CPU
	EndGlobalSection
	GlobalSection(ProjectConfigurationPlatforms) = postSolution
		{329AF2BC-2B6C-4AD9-B33E-C591410D47D3}.Debug|Any CPU.ActiveCfg = Debug|Any CPU
		{329AF2BC-2B6C-4AD9-B33E-C591410D47D3}.Debug|Any CPU.Build.0 = Debug|Any CPU
		{329AF2BC-2B6C-4AD9-B33E-C591410D47D3}.Release|Any CPU.ActiveCfg = Release|Any CPU
		{329AF2BC-2B6C-4AD9-B33E-C591410D47D3}.Release|Any CPU.Build.0 = Release|Any CPU
		{8806DCF8-9325-48DF-BFB5-0B3C40D59FF8}.Debug|Any CPU.ActiveCfg = Debug|Any CPU
		{8806DCF8-9325-48DF-BFB5-0B3C40D59FF8}.Debug|Any CPU.Build.0 = Debug|Any CPU
		{8806DCF8-9325-48DF-BFB5-0B3C40D59FF8}.Release|Any CPU.ActiveCfg = Release|Any CPU
		{8806DCF8-9325-48DF-BFB5-0B3C40D59FF8}.Release|Any CPU.Build.0 = Release|Any CPU
	EndGlobalSection
	GlobalSection(SolutionProperties) = preSolution
		HideSolutionNode = FALSE
	EndGlobalSection
	GlobalSection(ExtensibilityGlobals) = postSolution
		SolutionGuid = {BBFDDC3F-6ADF-44E9-8B1F-82DFBFE7784E}
	EndGlobalSection
EndGlobal
