
Microsoft Visual Studio Solution File, Format Version 12.00
# Visual Studio Version 16
VisualStudioVersion = 16.0.28803.202
MinimumVisualStudioVersion = 10.0.40219.1
Project("{FAE04EC0-301F-11D3-BF4B-00C04F79EFBC}") = "Lesson2_Task1_main", "Lesson2_Task1_main\Lesson2_Task1_main.csproj", "{58FE9C19-3D40-4CF7-8E5C-38FE4A1A970E}"
EndProject
Global
	GlobalSection(SolutionConfigurationPlatforms) = preSolution
		Debug|Any CPU = Debug|Any CPU
		Release|Any CPU = Release|Any CPU
	EndGlobalSection
	GlobalSection(ProjectConfigurationPlatforms) = postSolution
		{58FE9C19-3D40-4CF7-8E5C-38FE4A1A970E}.Debug|Any CPU.ActiveCfg = Debug|Any CPU
		{58FE9C19-3D40-4CF7-8E5C-38FE4A1A970E}.Debug|Any CPU.Build.0 = Debug|Any CPU
		{58FE9C19-3D40-4CF7-8E5C-38FE4A1A970E}.Release|Any CPU.ActiveCfg = Release|Any CPU
		{58FE9C19-3D40-4CF7-8E5C-38FE4A1A970E}.Release|Any CPU.Build.0 = Release|Any CPU
	EndGlobalSection
	GlobalSection(SolutionProperties) = preSolution
		HideSolutionNode = FALSE
	EndGlobalSection
	GlobalSection(ExtensibilityGlobals) = postSolution
		SolutionGuid = {BFA9703F-4A5A-4769-AAB2-EE3DCA799A6F}
	EndGlobalSection
EndGlobal
