
Microsoft Visual Studio Solution File, Format Version 12.00
# Visual Studio Version 16
VisualStudioVersion = 16.0.28803.202
MinimumVisualStudioVersion = 10.0.40219.1
Project("{9A19103F-16F7-4668-BE54-9A1E7A4F7556}") = "Lesson_3_Home_Task_Main_1", "Lesson_3_Home_Task_Main_1\Lesson_3_Home_Task_Main_1.csproj", "{EED69C62-8CA7-426A-A32A-9D4935A67FF6}"
EndProject
Project("{9A19103F-16F7-4668-BE54-9A1E7A4F7556}") = "Lesson_3_Home_Task_Main_3", "Lesson_3_Home_Task_Main_3\Lesson_3_Home_Task_Main_3.csproj", "{967450F6-2A89-4743-838F-82F11A2A203A}"
EndProject
Project("{9A19103F-16F7-4668-BE54-9A1E7A4F7556}") = "Lesson_3_Home_Task_Main_2", "Lesson_3_Home_Task_Main_2\Lesson_3_Home_Task_Main_2.csproj", "{FEBA3ABB-4577-4033-9270-038B167700B3}"
EndProject
Global
	GlobalSection(SolutionConfigurationPlatforms) = preSolution
		Debug|Any CPU = Debug|Any CPU
		Release|Any CPU = Release|Any CPU
	EndGlobalSection
	GlobalSection(ProjectConfigurationPlatforms) = postSolution
		{EED69C62-8CA7-426A-A32A-9D4935A67FF6}.Debug|Any CPU.ActiveCfg = Debug|Any CPU
		{EED69C62-8CA7-426A-A32A-9D4935A67FF6}.Debug|Any CPU.Build.0 = Debug|Any CPU
		{EED69C62-8CA7-426A-A32A-9D4935A67FF6}.Release|Any CPU.ActiveCfg = Release|Any CPU
		{EED69C62-8CA7-426A-A32A-9D4935A67FF6}.Release|Any CPU.Build.0 = Release|Any CPU
		{967450F6-2A89-4743-838F-82F11A2A203A}.Debug|Any CPU.ActiveCfg = Debug|Any CPU
		{967450F6-2A89-4743-838F-82F11A2A203A}.Debug|Any CPU.Build.0 = Debug|Any CPU
		{967450F6-2A89-4743-838F-82F11A2A203A}.Release|Any CPU.ActiveCfg = Release|Any CPU
		{967450F6-2A89-4743-838F-82F11A2A203A}.Release|Any CPU.Build.0 = Release|Any CPU
		{FEBA3ABB-4577-4033-9270-038B167700B3}.Debug|Any CPU.ActiveCfg = Debug|Any CPU
		{FEBA3ABB-4577-4033-9270-038B167700B3}.Debug|Any CPU.Build.0 = Debug|Any CPU
		{FEBA3ABB-4577-4033-9270-038B167700B3}.Release|Any CPU.ActiveCfg = Release|Any CPU
		{FEBA3ABB-4577-4033-9270-038B167700B3}.Release|Any CPU.Build.0 = Release|Any CPU
	EndGlobalSection
	GlobalSection(SolutionProperties) = preSolution
		HideSolutionNode = FALSE
	EndGlobalSection
	GlobalSection(ExtensibilityGlobals) = postSolution
		SolutionGuid = {AF22252B-4E0B-4C3A-A753-AD39886DF380}
	EndGlobalSection
EndGlobal
