
Microsoft Visual Studio Solution File, Format Version 12.00
# Visual Studio Version 16
VisualStudioVersion = 16.0.29001.49
MinimumVisualStudioVersion = 10.0.40219.1
Project("{9A19103F-16F7-4668-BE54-9A1E7A4F7556}") = "Inheritance_Operators", "AnimalWorld\Inheritance_Operators.csproj", "{8B99EEA1-92E6-44AA-A2A2-96D128E9E7FB}"
EndProject
Project("{FAE04EC0-301F-11D3-BF4B-00C04F79EFBC}") = "Player_Power", "PlayerProgram_v3\Player_Power.csproj", "{A4D15697-9AFA-4490-9A6A-89921E64FBCC}"
EndProject
Global
	GlobalSection(SolutionConfigurationPlatforms) = preSolution
		Debug|Any CPU = Debug|Any CPU
		Release|Any CPU = Release|Any CPU
	EndGlobalSection
	GlobalSection(ProjectConfigurationPlatforms) = postSolution
		{8B99EEA1-92E6-44AA-A2A2-96D128E9E7FB}.Debug|Any CPU.ActiveCfg = Debug|Any CPU
		{8B99EEA1-92E6-44AA-A2A2-96D128E9E7FB}.Debug|Any CPU.Build.0 = Debug|Any CPU
		{8B99EEA1-92E6-44AA-A2A2-96D128E9E7FB}.Release|Any CPU.ActiveCfg = Release|Any CPU
		{8B99EEA1-92E6-44AA-A2A2-96D128E9E7FB}.Release|Any CPU.Build.0 = Release|Any CPU
		{A4D15697-9AFA-4490-9A6A-89921E64FBCC}.Debug|Any CPU.ActiveCfg = Debug|Any CPU
		{A4D15697-9AFA-4490-9A6A-89921E64FBCC}.Debug|Any CPU.Build.0 = Debug|Any CPU
		{A4D15697-9AFA-4490-9A6A-89921E64FBCC}.Release|Any CPU.ActiveCfg = Release|Any CPU
		{A4D15697-9AFA-4490-9A6A-89921E64FBCC}.Release|Any CPU.Build.0 = Release|Any CPU
	EndGlobalSection
	GlobalSection(SolutionProperties) = preSolution
		HideSolutionNode = FALSE
	EndGlobalSection
	GlobalSection(ExtensibilityGlobals) = postSolution
		SolutionGuid = {3E45712E-ADD3-48CF-B8E3-B76B42B97379}
	EndGlobalSection
EndGlobal
